
Microsoft Visual Studio Solution File, Format Version 12.00
# Visual Studio Version 16
VisualStudioVersion = 16.0.33801.447
MinimumVisualStudioVersion = 10.0.40219.1
Project("{FAE04EC0-301F-11D3-BF4B-00C04F79EFBC}") = "adventofcode2023", "adventofcode2023\adventofcode2023.csproj", "{24767305-AD7E-4D3D-BD90-5C858C9029EF}"
EndProject
Project("{FAE04EC0-301F-11D3-BF4B-00C04F79EFBC}") = "Day2", "Day2\Day2.csproj", "{0263C74D-AD39-41CA-8A76-EA5EFE80515B}"
EndProject
Project("{FAE04EC0-301F-11D3-BF4B-00C04F79EFBC}") = "Day3", "Day3\Day3.csproj", "{1E18B7CE-EE21-48C1-9589-E9C19D396332}"
EndProject
Global
	GlobalSection(SolutionConfigurationPlatforms) = preSolution
		Debug|Any CPU = Debug|Any CPU
		Release|Any CPU = Release|Any CPU
	EndGlobalSection
	GlobalSection(ProjectConfigurationPlatforms) = postSolution
		{24767305-AD7E-4D3D-BD90-5C858C9029EF}.Debug|Any CPU.ActiveCfg = Debug|Any CPU
		{24767305-AD7E-4D3D-BD90-5C858C9029EF}.Debug|Any CPU.Build.0 = Debug|Any CPU
		{24767305-AD7E-4D3D-BD90-5C858C9029EF}.Release|Any CPU.ActiveCfg = Release|Any CPU
		{24767305-AD7E-4D3D-BD90-5C858C9029EF}.Release|Any CPU.Build.0 = Release|Any CPU
		{0263C74D-AD39-41CA-8A76-EA5EFE80515B}.Debug|Any CPU.ActiveCfg = Debug|Any CPU
		{0263C74D-AD39-41CA-8A76-EA5EFE80515B}.Debug|Any CPU.Build.0 = Debug|Any CPU
		{0263C74D-AD39-41CA-8A76-EA5EFE80515B}.Release|Any CPU.ActiveCfg = Release|Any CPU
		{0263C74D-AD39-41CA-8A76-EA5EFE80515B}.Release|Any CPU.Build.0 = Release|Any CPU
		{1E18B7CE-EE21-48C1-9589-E9C19D396332}.Debug|Any CPU.ActiveCfg = Debug|Any CPU
		{1E18B7CE-EE21-48C1-9589-E9C19D396332}.Debug|Any CPU.Build.0 = Debug|Any CPU
		{1E18B7CE-EE21-48C1-9589-E9C19D396332}.Release|Any CPU.ActiveCfg = Release|Any CPU
		{1E18B7CE-EE21-48C1-9589-E9C19D396332}.Release|Any CPU.Build.0 = Release|Any CPU
	EndGlobalSection
	GlobalSection(SolutionProperties) = preSolution
		HideSolutionNode = FALSE
	EndGlobalSection
	GlobalSection(ExtensibilityGlobals) = postSolution
		SolutionGuid = {2FE84557-543D-4EB8-B533-870600563492}
	EndGlobalSection
EndGlobal
